Microsoft Visual Studio Solution File, Format Version 11.00
# Visual Studio 2010
Project("{FAE04EC0-301F-11D3-BF4B-00C04F79EFBC}") = "Assembly-CSharp", "Assembly-CSharp.csproj", "{30219B18-F76D-8E42-F9F8-DC188D6D119B}"
EndProject
Project("{FAE04EC0-301F-11D3-BF4B-00C04F79EFBC}") = "Assembly-CSharp-Editor", "Assembly-CSharp-Editor.csproj", "{A188C859-D1CE-3CFE-C138-212BF024C04D}"
EndProject
Global
	GlobalSection(SolutionConfigurationPlatforms) = preSolution
		Debug|Any CPU = Debug|Any CPU
		Release|Any CPU = Release|Any CPU
	EndGlobalSection
	GlobalSection(ProjectConfigurationPlatforms) = postSolution
		{30219B18-F76D-8E42-F9F8-DC188D6D119B}.Debug|Any CPU.ActiveCfg = Debug|Any CPU
		{30219B18-F76D-8E42-F9F8-DC188D6D119B}.Debug|Any CPU.Build.0 = Debug|Any CPU
		{30219B18-F76D-8E42-F9F8-DC188D6D119B}.Release|Any CPU.ActiveCfg = Release|Any CPU
		{30219B18-F76D-8E42-F9F8-DC188D6D119B}.Release|Any CPU.Build.0 = Release|Any CPU
		{A188C859-D1CE-3CFE-C138-212BF024C04D}.Debug|Any CPU.ActiveCfg = Debug|Any CPU
		{A188C859-D1CE-3CFE-C138-212BF024C04D}.Debug|Any CPU.Build.0 = Debug|Any CPU
		{A188C859-D1CE-3CFE-C138-212BF024C04D}.Release|Any CPU.ActiveCfg = Release|Any CPU
		{A188C859-D1CE-3CFE-C138-212BF024C04D}.Release|Any CPU.Build.0 = Release|Any CPU
	EndGlobalSection
	GlobalSection(SolutionProperties) = preSolution
		HideSolutionNode = FALSE
	EndGlobalSection
	GlobalSection(MonoDevelopProperties) = preSolution
		StartupItem = Assembly-CSharp.csproj
	EndGlobalSection
EndGlobal
